
Microsoft Visual Studio Solution File, Format Version 12.00
# Visual Studio Version 17
VisualStudioVersion = 17.9.34902.65
MinimumVisualStudioVersion = 10.0.40219.1
Project("{FAE04EC0-301F-11D3-BF4B-00C04F79EFBC}") = "lab_5_6", "lab_5_6\lab_5_6.csproj", "{AD4A3107-80F1-44A8-82E4-1FE6FD20048D}"
EndProject
Global
	GlobalSection(SolutionConfigurationPlatforms) = preSolution
		Debug|Any CPU = Debug|Any CPU
		Release|Any CPU = Release|Any CPU
	EndGlobalSection
	GlobalSection(ProjectConfigurationPlatforms) = postSolution
		{AD4A3107-80F1-44A8-82E4-1FE6FD20048D}.Debug|Any CPU.ActiveCfg = Debug|Any CPU
		{AD4A3107-80F1-44A8-82E4-1FE6FD20048D}.Debug|Any CPU.Build.0 = Debug|Any CPU
		{AD4A3107-80F1-44A8-82E4-1FE6FD20048D}.Release|Any CPU.ActiveCfg = Release|Any CPU
		{AD4A3107-80F1-44A8-82E4-1FE6FD20048D}.Release|Any CPU.Build.0 = Release|Any CPU
	EndGlobalSection
	GlobalSection(SolutionProperties) = preSolution
		HideSolutionNode = FALSE
	EndGlobalSection
	GlobalSection(ExtensibilityGlobals) = postSolution
		SolutionGuid = {892E7083-A8C7-43F6-A593-1CD7CDB8B817}
	EndGlobalSection
EndGlobal
